// !$*UTF8*$!
{
	archiveVersion = 1;
	classes = {
	};
	objectVersion = 55;
	objects = {

/* Begin PBXBuildFile section */
		7DCAD155272034CD0075DACB /* AppDelegate.swift in Sources */ = {isa = PBXBuildFile; fileRef = 7DCAD154272034CD0075DACB /* AppDelegate.swift */; };
		7DCAD157272034CD0075DACB /* SceneDelegate.swift in Sources */ = {isa = PBXBuildFile; fileRef = 7DCAD156272034CD0075DACB /* SceneDelegate.swift */; };
		7DCAD159272034CD0075DACB /* WeatherViewController.swift in Sources */ = {isa = PBXBuildFile; fileRef = 7DCAD158272034CD0075DACB /* WeatherViewController.swift */; };
		7DCAD15E272034D00075DACB /* Assets.xcassets in Resources */ = {isa = PBXBuildFile; fileRef = 7DCAD15D272034D00075DACB /* Assets.xcassets */; };
		7DCAD161272034D00075DACB /* LaunchScreen.storyboard in Resources */ = {isa = PBXBuildFile; fileRef = 7DCAD15F272034D00075DACB /* LaunchScreen.storyboard */; };
		7DCAD170272036CC0075DACB /* WeatherInteractor.swift in Sources */ = {isa = PBXBuildFile; fileRef = 7DCAD16F272036CC0075DACB /* WeatherInteractor.swift */; };
		7DCAD172272036D70075DACB /* WeatherPresenter.swift in Sources */ = {isa = PBXBuildFile; fileRef = 7DCAD171272036D70075DACB /* WeatherPresenter.swift */; };
		7DCAD174272036E40075DACB /* WeatherProtocol.swift in Sources */ = {isa = PBXBuildFile; fileRef = 7DCAD173272036E40075DACB /* WeatherProtocol.swift */; };
		7DCAD176272036F10075DACB /* WeatherRouter.swift in Sources */ = {isa = PBXBuildFile; fileRef = 7DCAD175272036F10075DACB /* WeatherRouter.swift */; };
		7DCAD1782720431B0075DACB /* WeatherViewController.xib in Resources */ = {isa = PBXBuildFile; fileRef = 7DCAD1772720431B0075DACB /* WeatherViewController.xib */; };
		7DCAD17A272047340075DACB /* CurrentWeather.swift in Sources */ = {isa = PBXBuildFile; fileRef = 7DCAD179272047340075DACB /* CurrentWeather.swift */; };
		7DCAD17C272048A60075DACB /* Location.swift in Sources */ = {isa = PBXBuildFile; fileRef = 7DCAD17B272048A60075DACB /* Location.swift */; };
		7DCAD17E27204A050075DACB /* Constant.swift in Sources */ = {isa = PBXBuildFile; fileRef = 7DCAD17D27204A050075DACB /* Constant.swift */; };
/* End PBXBuildFile section */

/* Begin PBXFileReference section */
		7DCAD151272034CD0075DACB /* WeatherApp.app */ = {isa = PBXFileReference; explicitFileType = wrapper.application; includeInIndex = 0; path = WeatherApp.app; sourceTree = BUILT_PRODUCTS_DIR; };
		7DCAD154272034CD0075DACB /* AppDelegate.swift */ = {isa = PBXFileReference; lastKnownFileType = sourcecode.swift; path = AppDelegate.swift; sourceTree = "<group>"; };
		7DCAD156272034CD0075DACB /* SceneDelegate.swift */ = {isa = PBXFileReference; lastKnownFileType = sourcecode.swift; path = SceneDelegate.swift; sourceTree = "<group>"; };
		7DCAD158272034CD0075DACB /* WeatherViewController.swift */ = {isa = PBXFileReference; lastKnownFileType = sourcecode.swift; path = WeatherViewController.swift; sourceTree = "<group>"; };
		7DCAD15D272034D00075DACB /* Assets.xcassets */ = {isa = PBXFileReference; lastKnownFileType = folder.assetcatalog; path = Assets.xcassets; sourceTree = "<group>"; };
		7DCAD160272034D00075DACB /* Base */ = {isa = PBXFileReference; lastKnownFileType = file.storyboard; name = Base; path = Base.lproj/LaunchScreen.storyboard; sourceTree = "<group>"; };
		7DCAD162272034D00075DACB /* Info.plist */ = {isa = PBXFileReference; lastKnownFileType = text.plist.xml; path = Info.plist; sourceTree = "<group>"; };
		7DCAD16F272036CC0075DACB /* WeatherInteractor.swift */ = {isa = PBXFileReference; lastKnownFileType = sourcecode.swift; path = WeatherInteractor.swift; sourceTree = "<group>"; };
		7DCAD171272036D70075DACB /* WeatherPresenter.swift */ = {isa = PBXFileReference; lastKnownFileType = sourcecode.swift; path = WeatherPresenter.swift; sourceTree = "<group>"; };
		7DCAD173272036E40075DACB /* WeatherProtocol.swift */ = {isa = PBXFileReference; lastKnownFileType = sourcecode.swift; path = WeatherProtocol.swift; sourceTree = "<group>"; };
		7DCAD175272036F10075DACB /* WeatherRouter.swift */ = {isa = PBXFileReference; lastKnownFileType = sourcecode.swift; path = WeatherRouter.swift; sourceTree = "<group>"; };
		7DCAD1772720431B0075DACB /* WeatherViewController.xib */ = {isa = PBXFileReference; lastKnownFileType = file.xib; path = WeatherViewController.xib; sourceTree = "<group>"; };
		7DCAD179272047340075DACB /* CurrentWeather.swift */ = {isa = PBXFileReference; lastKnownFileType = sourcecode.swift; path = CurrentWeather.swift; sourceTree = "<group>"; };
		7DCAD17B272048A60075DACB /* Location.swift */ = {isa = PBXFileReference; lastKnownFileType = sourcecode.swift; path = Location.swift; sourceTree = "<group>"; };
		7DCAD17D27204A050075DACB /* Constant.swift */ = {isa = PBXFileReference; lastKnownFileType = sourcecode.swift; path = Constant.swift; sourceTree = "<group>"; };
/* End PBXFileReference section */

/* Begin PBXFrameworksBuildPhase section */
		7DCAD14E272034CD0075DACB /* Frameworks */ = {
			isa = PBXFrameworksBuildPhase;
			buildActionMask = 2147483647;
			files = (
			);
			runOnlyForDeploymentPostprocessing = 0;
		};
/* End PBXFrameworksBuildPhase section */

/* Begin PBXGroup section */
		7DCAD148272034CD0075DACB = {
			isa = PBXGroup;
			children = (
				7DCAD153272034CD0075DACB /* WeatherApp */,
				7DCAD152272034CD0075DACB /* Products */,
			);
			sourceTree = "<group>";
		};
		7DCAD152272034CD0075DACB /* Products */ = {
			isa = PBXGroup;
			children = (
				7DCAD151272034CD0075DACB /* WeatherApp.app */,
			);
			name = Products;
			sourceTree = "<group>";
		};
		7DCAD153272034CD0075DACB /* WeatherApp */ = {
			isa = PBXGroup;
			children = (
				7DCAD154272034CD0075DACB /* AppDelegate.swift */,
				7DCAD156272034CD0075DACB /* SceneDelegate.swift */,
				7DCAD17D27204A050075DACB /* Constant.swift */,
				7DCAD168272036120075DACB /* Weather */,
				7DCAD15D272034D00075DACB /* Assets.xcassets */,
				7DCAD15F272034D00075DACB /* LaunchScreen.storyboard */,
				7DCAD162272034D00075DACB /* Info.plist */,
			);
			path = WeatherApp;
			sourceTree = "<group>";
		};
		7DCAD168272036120075DACB /* Weather */ = {
			isa = PBXGroup;
			children = (
				7DCAD16E272036690075DACB /* Protocol */,
				7DCAD16D272036300075DACB /* View */,
				7DCAD16C2720362D0075DACB /* Interactor */,
				7DCAD16B2720362A0075DACB /* Presenter */,
				7DCAD16A272036270075DACB /* Entity */,
				7DCAD169272036210075DACB /* Router */,
			);
			path = Weather;
			sourceTree = "<group>";
		};
		7DCAD169272036210075DACB /* Router */ = {
			isa = PBXGroup;
			children = (
				7DCAD175272036F10075DACB /* WeatherRouter.swift */,
			);
			path = Router;
			sourceTree = "<group>";
		};
		7DCAD16A272036270075DACB /* Entity */ = {
			isa = PBXGroup;
			children = (
				7DCAD179272047340075DACB /* CurrentWeather.swift */,
				7DCAD17B272048A60075DACB /* Location.swift */,
			);
			path = Entity;
			sourceTree = "<group>";
		};
		7DCAD16B2720362A0075DACB /* Presenter */ = {
			isa = PBXGroup;
			children = (
				7DCAD171272036D70075DACB /* WeatherPresenter.swift */,
			);
			path = Presenter;
			sourceTree = "<group>";
		};
		7DCAD16C2720362D0075DACB /* Interactor */ = {
			isa = PBXGroup;
			children = (
				7DCAD16F272036CC0075DACB /* WeatherInteractor.swift */,
			);
			path = Interactor;
			sourceTree = "<group>";
		};
		7DCAD16D272036300075DACB /* View */ = {
			isa = PBXGroup;
			children = (
				7DCAD158272034CD0075DACB /* WeatherViewController.swift */,
				7DCAD1772720431B0075DACB /* WeatherViewController.xib */,
			);
			path = View;
			sourceTree = "<group>";
		};
		7DCAD16E272036690075DACB /* Protocol */ = {
			isa = PBXGroup;
			children = (
				7DCAD173272036E40075DACB /* WeatherProtocol.swift */,
			);
			path = Protocol;
			sourceTree = "<group>";
		};
/* End PBXGroup section */

/* Begin PBXNativeTarget section */
		7DCAD150272034CD0075DACB /* WeatherApp */ = {
			isa = PBXNativeTarget;
			buildConfigurationList = 7DCAD165272034D00075DACB /* Build configuration list for PBXNativeTarget "WeatherApp" */;
			buildPhases = (
				7DCAD14D272034CD0075DACB /* Sources */,
				7DCAD14E272034CD0075DACB /* Frameworks */,
				7DCAD14F272034CD0075DACB /* Resources */,
			);
			buildRules = (
			);
			dependencies = (
			);
			name = WeatherApp;
			productName = WeatherApp;
			productReference = 7DCAD151272034CD0075DACB /* WeatherApp.app */;
			productType = "com.apple.product-type.application";
		};
/* End PBXNativeTarget section */

/* Begin PBXProject section */
		7DCAD149272034CD0075DACB /* Project object */ = {
			isa = PBXProject;
			attributes = {
				BuildIndependentTargetsInParallel = 1;
				LastSwiftUpdateCheck = 1300;
				LastUpgradeCheck = 1300;
				TargetAttributes = {
					7DCAD150272034CD0075DACB = {
						CreatedOnToolsVersion = 13.0;
					};
				};
			};
			buildConfigurationList = 7DCAD14C272034CD0075DACB /* Build configuration list for PBXProject "WeatherApp" */;
			compatibilityVersion = "Xcode 13.0";
			developmentRegion = en;
			hasScannedForEncodings = 0;
			knownRegions = (
				en,
				Base,
			);
			mainGroup = 7DCAD148272034CD0075DACB;
			productRefGroup = 7DCAD152272034CD0075DACB /* Products */;
			projectDirPath = "";
			projectRoot = "";
			targets = (
				7DCAD150272034CD0075DACB /* WeatherApp */,
			);
		};
/* End PBXProject section */

/* Begin PBXResourcesBuildPhase section */
		7DCAD14F272034CD0075DACB /* Resources */ = {
			isa = PBXResourcesBuildPhase;
			buildActionMask = 2147483647;
			files = (
				7DCAD161272034D00075DACB /* LaunchScreen.storyboard in Resources */,
				7DCAD1782720431B0075DACB /* WeatherViewController.xib in Resources */,
				7DCAD15E272034D00075DACB /* Assets.xcassets in Resources */,
			);
			runOnlyForDeploymentPostprocessing = 0;
		};
/* End PBXResourcesBuildPhase section */

/* Begin PBXSourcesBuildPhase section */
		7DCAD14D272034CD0075DACB /* Sources */ = {
			isa = PBXSourcesBuildPhase;
			buildActionMask = 2147483647;
			files = (
				7DCAD172272036D70075DACB /* WeatherPresenter.swift in Sources */,
				7DCAD159272034CD0075DACB /* WeatherViewController.swift in Sources */,
				7DCAD17A272047340075DACB /* CurrentWeather.swift in Sources */,
				7DCAD170272036CC0075DACB /* WeatherInteractor.swift in Sources */,
				7DCAD17C272048A60075DACB /* Location.swift in Sources */,
				7DCAD155272034CD0075DACB /* AppDelegate.swift in Sources */,
				7DCAD176272036F10075DACB /* WeatherRouter.swift in Sources */,
				7DCAD17E27204A050075DACB /* Constant.swift in Sources */,
				7DCAD174272036E40075DACB /* WeatherProtocol.swift in Sources */,
				7DCAD157272034CD0075DACB /* SceneDelegate.swift in Sources */,
			);
			runOnlyForDeploymentPostprocessing = 0;
		};
/* End PBXSourcesBuildPhase section */

/* Begin PBXVariantGroup section */
		7DCAD15F272034D00075DACB /* LaunchScreen.storyboard */ = {
			isa = PBXVariantGroup;
			children = (
				7DCAD160272034D00075DACB /* Base */,
			);
			name = LaunchScreen.storyboard;
			sourceTree = "<group>";
		};
/* End PBXVariantGroup section */

/* Begin XCBuildConfiguration section */
		7DCAD163272034D00075DACB /* Debug */ = {
			isa = XCBuildConfiguration;
			buildSettings = {
				ALWAYS_SEARCH_USER_PATHS = NO;
				CLANG_ANALYZER_NONNULL = YES;
				CLANG_ANALYZER_NUMBER_OBJECT_CONVERSION = YES_AGGRESSIVE;
				CLANG_CXX_LANGUAGE_STANDARD = "gnu++17";
				CLANG_CXX_LIBRARY = "libc++";
				CLANG_ENABLE_MODULES = YES;
				CLANG_ENABLE_OBJC_ARC = YES;
				CLANG_ENABLE_OBJC_WEAK = YES;
				CLANG_WARN_BLOCK_CAPTURE_AUTORELEASING = YES;
				CLANG_WARN_BOOL_CONVERSION = YES;
				CLANG_WARN_COMMA = YES;
				CLANG_WARN_CONSTANT_CONVERSION = YES;
				CLANG_WARN_DEPRECATED_OBJC_IMPLEMENTATIONS = YES;
				CLANG_WARN_DIRECT_OBJC_ISA_USAGE = YES_ERROR;
				CLANG_WARN_DOCUMENTATION_COMMENTS = YES;
				CLANG_WARN_EMPTY_BODY = YES;
				CLANG_WARN_ENUM_CONVERSION = YES;
				CLANG_WARN_INFINITE_RECURSION = YES;
				CLANG_WARN_INT_CONVERSION = YES;
				CLANG_WARN_NON_LITERAL_NULL_CONVERSION = YES;
				CLANG_WARN_OBJC_IMPLICIT_RETAIN_SELF = YES;
				CLANG_WARN_OBJC_LITERAL_CONVERSION = YES;
				CLANG_WARN_OBJC_ROOT_CLASS = YES_ERROR;
				CLANG_WARN_QUOTED_INCLUDE_IN_FRAMEWORK_HEADER = YES;
				CLANG_WARN_RANGE_LOOP_ANALYSIS = YES;
				CLANG_WARN_STRICT_PROTOTYPES = YES;
				CLANG_WARN_SUSPICIOUS_MOVE = YES;
				CLANG_WARN_UNGUARDED_AVAILABILITY = YES_AGGRESSIVE;
				CLANG_WARN_UNREACHABLE_CODE = YES;
				CLANG_WARN__DUPLICATE_METHOD_MATCH = YES;
				COPY_PHASE_STRIP = NO;
				DEBUG_INFORMATION_FORMAT = dwarf;
				ENABLE_STRICT_OBJC_MSGSEND = YES;
				ENABLE_TESTABILITY = YES;
				GCC_C_LANGUAGE_STANDARD = gnu11;
				GCC_DYNAMIC_NO_PIC = NO;
				GCC_NO_COMMON_BLOCKS = YES;
				GCC_OPTIMIZATION_LEVEL = 0;
				GCC_PREPROCESSOR_DEFINITIONS = (
					"DEBUG=1",
					"$(inherited)",
				);
				GCC_WARN_64_TO_32_BIT_CONVERSION = YES;
				GCC_WARN_ABOUT_RETURN_TYPE = YES_ERROR;
				GCC_WARN_UNDECLARED_SELECTOR = YES;
				GCC_WARN_UNINITIALIZED_AUTOS = YES_AGGRESSIVE;
				GCC_WARN_UNUSED_FUNCTION = YES;
				GCC_WARN_UNUSED_VARIABLE = YES;
				IPHONEOS_DEPLOYMENT_TARGET = 15.0;
				MTL_ENABLE_DEBUG_INFO = INCLUDE_SOURCE;
				MTL_FAST_MATH = YES;
				ONLY_ACTIVE_ARCH = YES;
				SDKROOT = iphoneos;
				SWIFT_ACTIVE_COMPILATION_CONDITIONS = DEBUG;
				SWIFT_OPTIMIZATION_LEVEL = "-Onone";
			};
			name = Debug;
		};
		7DCAD164272034D00075DACB /* Release */ = {
			isa = XCBuildConfiguration;
			buildSettings = {
				ALWAYS_SEARCH_USER_PATHS = NO;
				CLANG_ANALYZER_NONNULL = YES;
				CLANG_ANALYZER_NUMBER_OBJECT_CONVERSION = YES_AGGRESSIVE;
				CLANG_CXX_LANGUAGE_STANDARD = "gnu++17";
				CLANG_CXX_LIBRARY = "libc++";
				CLANG_ENABLE_MODULES = YES;
				CLANG_ENABLE_OBJC_ARC = YES;
				CLANG_ENABLE_OBJC_WEAK = YES;
				CLANG_WARN_BLOCK_CAPTURE_AUTORELEASING = YES;
				CLANG_WARN_BOOL_CONVERSION = YES;
				CLANG_WARN_COMMA = YES;
				CLANG_WARN_CONSTANT_CONVERSION = YES;
				CLANG_WARN_DEPRECATED_OBJC_IMPLEMENTATIONS = YES;
				CLANG_WARN_DIRECT_OBJC_ISA_USAGE = YES_ERROR;
				CLANG_WARN_DOCUMENTATION_COMMENTS = YES;
				CLANG_WARN_EMPTY_BODY = YES;
				CLANG_WARN_ENUM_CONVERSION = YES;
				CLANG_WARN_INFINITE_RECURSION = YES;
				CLANG_WARN_INT_CONVERSION = YES;
				CLANG_WARN_NON_LITERAL_NULL_CONVERSION = YES;
				CLANG_WARN_OBJC_IMPLICIT_RETAIN_SELF = YES;
				CLANG_WARN_OBJC_LITERAL_CONVERSION = YES;
				CLANG_WARN_OBJC_ROOT_CLASS = YES_ERROR;
				CLANG_WARN_QUOTED_INCLUDE_IN_FRAMEWORK_HEADER = YES;
				CLANG_WARN_RANGE_LOOP_ANALYSIS = YES;
				CLANG_WARN_STRICT_PROTOTYPES = YES;
				CLANG_WARN_SUSPICIOUS_MOVE = YES;
				CLANG_WARN_UNGUARDED_AVAILABILITY = YES_AGGRESSIVE;
				CLANG_WARN_UNREACHABLE_CODE = YES;
				CLANG_WARN__DUPLICATE_METHOD_MATCH = YES;
				COPY_PHASE_STRIP = NO;
				DEBUG_INFORMATION_FORMAT = "dwarf-with-dsym";
				ENABLE_NS_ASSERTIONS = NO;
				ENABLE_STRICT_OBJC_MSGSEND = YES;
				GCC_C_LANGUAGE_STANDARD = gnu11;
				GCC_NO_COMMON_BLOCKS = YES;
				GCC_WARN_64_TO_32_BIT_CONVERSION = YES;
				GCC_WARN_ABOUT_RETURN_TYPE = YES_ERROR;
				GCC_WARN_UNDECLARED_SELECTOR = YES;
				GCC_WARN_UNINITIALIZED_AUTOS = YES_AGGRESSIVE;
				GCC_WARN_UNUSED_FUNCTION = YES;
				GCC_WARN_UNUSED_VARIABLE = YES;
				IPHONEOS_DEPLOYMENT_TARGET = 15.0;
				MTL_ENABLE_DEBUG_INFO = NO;
				MTL_FAST_MATH = YES;
				SDKROOT = iphoneos;
				SWIFT_COMPILATION_MODE = wholemodule;
				SWIFT_OPTIMIZATION_LEVEL = "-O";
				VALIDATE_PRODUCT = YES;
			};
			name = Release;
		};
		7DCAD166272034D00075DACB /* Debug */ = {
			isa = XCBuildConfiguration;
			buildSettings = {
				ASSETCATALOG_COMPILER_APPICON_NAME = AppIcon;
				ASSETCATALOG_COMPILER_GLOBAL_ACCENT_COLOR_NAME = AccentColor;
				CODE_SIGN_STYLE = Automatic;
				CURRENT_PROJECT_VERSION = 1;
				DEVELOPMENT_TEAM = 8HL7L4JWSK;
				GENERATE_INFOPLIST_FILE = YES;
				INFOPLIST_FILE = WeatherApp/Info.plist;
				INFOPLIST_KEY_UIApplicationSupportsIndirectInputEvents = YES;
				INFOPLIST_KEY_UILaunchStoryboardName = LaunchScreen;
				INFOPLIST_KEY_UISupportedInterfaceOrientations_iPad = "UIInterfaceOrientationPortrait UIInterfaceOrientationPortraitUpsideDown UIInterfaceOrientationLandscapeLeft UIInterfaceOrientationLandscapeRight";
				INFOPLIST_KEY_UISupportedInterfaceOrientations_iPhone = "UIInterfaceOrientationPortrait UIInterfaceOrientationLandscapeLeft UIInterfaceOrientationLandscapeRight";
				LD_RUNPATH_SEARCH_PATHS = (
					"$(inherited)",
					"@executable_path/Frameworks",
				);
				MARKETING_VERSION = 1.0;
				PRODUCT_BUNDLE_IDENTIFIER = com.elem.WeatherApp;
				PRODUCT_NAME = "$(TARGET_NAME)";
				SWIFT_EMIT_LOC_STRINGS = YES;
				SWIFT_VERSION = 5.0;
				TARGETED_DEVICE_FAMILY = "1,2";
			};
			name = Debug;
		};
		7DCAD167272034D00075DACB /* Release */ = {
			isa = XCBuildConfiguration;
			buildSettings = {
				ASSETCATALOG_COMPILER_APPICON_NAME = AppIcon;
				ASSETCATALOG_COMPILER_GLOBAL_ACCENT_COLOR_NAME = AccentColor;
				CODE_SIGN_STYLE = Automatic;
				CURRENT_PROJECT_VERSION = 1;
				DEVELOPMENT_TEAM = 8HL7L4JWSK;
				GENERATE_INFOPLIST_FILE = YES;
				INFOPLIST_FILE = WeatherApp/Info.plist;
				INFOPLIST_KEY_UIApplicationSupportsIndirectInputEvents = YES;
				INFOPLIST_KEY_UILaunchStoryboardName = LaunchScreen;
				INFOPLIST_KEY_UISupportedInterfaceOrientations_iPad = "UIInterfaceOrientationPortrait UIInterfaceOrientationPortraitUpsideDown UIInterfaceOrientationLandscapeLeft UIInterfaceOrientationLandscapeRight";
				INFOPLIST_KEY_UISupportedInterfaceOrientations_iPhone = "UIInterfaceOrientationPortrait UIInterfaceOrientationLandscapeLeft UIInterfaceOrientationLandscapeRight";
				LD_RUNPATH_SEARCH_PATHS = (
					"$(inherited)",
					"@executable_path/Frameworks",
				);
				MARKETING_VERSION = 1.0;
				PRODUCT_BUNDLE_IDENTIFIER = com.elem.WeatherApp;
				PRODUCT_NAME = "$(TARGET_NAME)";
				SWIFT_EMIT_LOC_STRINGS = YES;
				SWIFT_VERSION = 5.0;
				TARGETED_DEVICE_FAMILY = "1,2";
			};
			name = Release;
		};
/* End XCBuildConfiguration section */

/* Begin XCConfigurationList section */
		7DCAD14C272034CD0075DACB /* Build configuration list for PBXProject "WeatherApp" */ = {
			isa = XCConfigurationList;
			buildConfigurations = (
				7DCAD163272034D00075DACB /* Debug */,
				7DCAD164272034D00075DACB /* Release */,
			);
			defaultConfigurationIsVisible = 0;
			defaultConfigurationName = Release;
		};
		7DCAD165272034D00075DACB /* Build configuration list for PBXNativeTarget "WeatherApp" */ = {
			isa = XCConfigurationList;
			buildConfigurations = (
				7DCAD166272034D00075DACB /* Debug */,
				7DCAD167272034D00075DACB /* Release */,
			);
			defaultConfigurationIsVisible = 0;
			defaultConfigurationName = Release;
		};
/* End XCConfigurationList section */
	};
	rootObject = 7DCAD149272034CD0075DACB /* Project object */;
}
